
Microsoft Visual Studio Solution File, Format Version 12.00
# Visual Studio 15
VisualStudioVersion = 15.0.28307.102
MinimumVisualStudioVersion = 10.0.40219.1
Project("{FAE04EC0-301F-11D3-BF4B-00C04F79EFBC}") = "IP_GUI", "IP_GUI\IP_GUI.csproj", "{7E716114-9E90-43A4-82AD-59257F10EC48}"
EndProject
Project("{FAE04EC0-301F-11D3-BF4B-00C04F79EFBC}") = "Osi", "Osi\Osi.csproj", "{6D290D65-22E7-4F52-BA51-2B03D1A48D51}"
EndProject
Project("{FAE04EC0-301F-11D3-BF4B-00C04F79EFBC}") = "IP_Classes", "IP_Classes\IP_Classes.csproj", "{D5FC0796-6952-45D3-BC78-D904DB2A507D}"
EndProject
Global
	GlobalSection(SolutionConfigurationPlatforms) = preSolution
		Debug|Any CPU = Debug|Any CPU
		Release|Any CPU = Release|Any CPU
	EndGlobalSection
	GlobalSection(ProjectConfigurationPlatforms) = postSolution
		{7E716114-9E90-43A4-82AD-59257F10EC48}.Debug|Any CPU.ActiveCfg = Debug|Any CPU
		{7E716114-9E90-43A4-82AD-59257F10EC48}.Debug|Any CPU.Build.0 = Debug|Any CPU
		{7E716114-9E90-43A4-82AD-59257F10EC48}.Release|Any CPU.ActiveCfg = Release|Any CPU
		{7E716114-9E90-43A4-82AD-59257F10EC48}.Release|Any CPU.Build.0 = Release|Any CPU
		{6D290D65-22E7-4F52-BA51-2B03D1A48D51}.Debug|Any CPU.ActiveCfg = Debug|Any CPU
		{6D290D65-22E7-4F52-BA51-2B03D1A48D51}.Debug|Any CPU.Build.0 = Debug|Any CPU
		{6D290D65-22E7-4F52-BA51-2B03D1A48D51}.Release|Any CPU.ActiveCfg = Release|Any CPU
		{6D290D65-22E7-4F52-BA51-2B03D1A48D51}.Release|Any CPU.Build.0 = Release|Any CPU
		{D5FC0796-6952-45D3-BC78-D904DB2A507D}.Debug|Any CPU.ActiveCfg = Debug|Any CPU
		{D5FC0796-6952-45D3-BC78-D904DB2A507D}.Debug|Any CPU.Build.0 = Debug|Any CPU
		{D5FC0796-6952-45D3-BC78-D904DB2A507D}.Release|Any CPU.ActiveCfg = Release|Any CPU
		{D5FC0796-6952-45D3-BC78-D904DB2A507D}.Release|Any CPU.Build.0 = Release|Any CPU
	EndGlobalSection
	GlobalSection(SolutionProperties) = preSolution
		HideSolutionNode = FALSE
	EndGlobalSection
	GlobalSection(ExtensibilityGlobals) = postSolution
		SolutionGuid = {21D90789-B336-47AC-AFFD-7754D00ED31F}
	EndGlobalSection
EndGlobal
